
Microsoft Visual Studio Solution File, Format Version 12.00
# Visual Studio Version 17
VisualStudioVersion = 17.4.32916.344
MinimumVisualStudioVersion = 10.0.40219.1
Project("{9A19103F-16F7-4668-BE54-9A1E7A4F7556}") = "MyApp.Domain", "MyApp.Domain\MyApp.Domain.csproj", "{314779F1-8016-4B3A-906B-23BB5E9AA5CC}"
EndProject
Project("{9A19103F-16F7-4668-BE54-9A1E7A4F7556}") = "MyApp.Application", "MyApp.ApplicationAndPorts\MyApp.Application.csproj", "{0D3BA20D-7B9B-4CCD-B47D-FEF2A30A599A}"
EndProject
Project("{9A19103F-16F7-4668-BE54-9A1E7A4F7556}") = "MyApp.Adapters.Output", "MyApp.Adapters.Output\MyApp.Adapters.Output.csproj", "{4B20358A-E264-4377-A0DA-53C15D516951}"
EndProject
Project("{9A19103F-16F7-4668-BE54-9A1E7A4F7556}") = "MyApp.Adapters.Input.Rest", "MyApp.Adapters.Input.Rest\MyApp.Adapters.Input.Rest.csproj", "{49D099CE-B1D4-49C0-8BC5-7E0F3C1888D1}"
EndProject
Project("{9A19103F-16F7-4668-BE54-9A1E7A4F7556}") = "MyApp.Main", "MyApp.Main\MyApp.Main.csproj", "{A2F056E4-4367-413B-B685-02F0FFF2895D}"
EndProject
Project("{2150E333-8FDC-42A3-9474-1A3956D46DE8}") = "Tests", "Tests", "{9B985A1D-3A8D-499C-BADA-F34726B5289A}"
EndProject
Project("{FAE04EC0-301F-11D3-BF4B-00C04F79EFBC}") = "MyApp.Adapters.Input.Rest.Tests", "Tests\MyApp.Adapters.Input.Rest.Tests\MyApp.Adapters.Input.Rest.Tests.csproj", "{C591BC27-F695-4FC0-940F-D5B6301EF154}"
EndProject
Project("{FAE04EC0-301F-11D3-BF4B-00C04F79EFBC}") = "MyApp.Adapters.Output.Tests", "Tests\MyApp.Adapters.Output.Tests\MyApp.Adapters.Output.Tests.csproj", "{6898D0BC-576E-4990-9696-500596D3040B}"
EndProject
Project("{FAE04EC0-301F-11D3-BF4B-00C04F79EFBC}") = "MyApp.Application.Tests", "Tests\MyApp.Application.Tests\MyApp.Application.Tests.csproj", "{60805C41-DAD0-41E4-A0F2-DD7086E80D1B}"
EndProject
Project("{FAE04EC0-301F-11D3-BF4B-00C04F79EFBC}") = "MyApp.Domain.Tests", "Tests\MyApp.Domain.Tests\MyApp.Domain.Tests.csproj", "{BD418C90-0695-447F-BDFF-8C8C4497F78E}"
EndProject
Global
	GlobalSection(SolutionConfigurationPlatforms) = preSolution
		Debug|Any CPU = Debug|Any CPU
		Release|Any CPU = Release|Any CPU
	EndGlobalSection
	GlobalSection(ProjectConfigurationPlatforms) = postSolution
		{314779F1-8016-4B3A-906B-23BB5E9AA5CC}.Debug|Any CPU.ActiveCfg = Debug|Any CPU
		{314779F1-8016-4B3A-906B-23BB5E9AA5CC}.Debug|Any CPU.Build.0 = Debug|Any CPU
		{314779F1-8016-4B3A-906B-23BB5E9AA5CC}.Release|Any CPU.ActiveCfg = Release|Any CPU
		{314779F1-8016-4B3A-906B-23BB5E9AA5CC}.Release|Any CPU.Build.0 = Release|Any CPU
		{0D3BA20D-7B9B-4CCD-B47D-FEF2A30A599A}.Debug|Any CPU.ActiveCfg = Debug|Any CPU
		{0D3BA20D-7B9B-4CCD-B47D-FEF2A30A599A}.Debug|Any CPU.Build.0 = Debug|Any CPU
		{0D3BA20D-7B9B-4CCD-B47D-FEF2A30A599A}.Release|Any CPU.ActiveCfg = Release|Any CPU
		{0D3BA20D-7B9B-4CCD-B47D-FEF2A30A599A}.Release|Any CPU.Build.0 = Release|Any CPU
		{4B20358A-E264-4377-A0DA-53C15D516951}.Debug|Any CPU.ActiveCfg = Debug|Any CPU
		{4B20358A-E264-4377-A0DA-53C15D516951}.Debug|Any CPU.Build.0 = Debug|Any CPU
		{4B20358A-E264-4377-A0DA-53C15D516951}.Release|Any CPU.ActiveCfg = Release|Any CPU
		{4B20358A-E264-4377-A0DA-53C15D516951}.Release|Any CPU.Build.0 = Release|Any CPU
		{49D099CE-B1D4-49C0-8BC5-7E0F3C1888D1}.Debug|Any CPU.ActiveCfg = Debug|Any CPU
		{49D099CE-B1D4-49C0-8BC5-7E0F3C1888D1}.Debug|Any CPU.Build.0 = Debug|Any CPU
		{49D099CE-B1D4-49C0-8BC5-7E0F3C1888D1}.Release|Any CPU.ActiveCfg = Release|Any CPU
		{49D099CE-B1D4-49C0-8BC5-7E0F3C1888D1}.Release|Any CPU.Build.0 = Release|Any CPU
		{A2F056E4-4367-413B-B685-02F0FFF2895D}.Debug|Any CPU.ActiveCfg = Debug|Any CPU
		{A2F056E4-4367-413B-B685-02F0FFF2895D}.Debug|Any CPU.Build.0 = Debug|Any CPU
		{A2F056E4-4367-413B-B685-02F0FFF2895D}.Release|Any CPU.ActiveCfg = Release|Any CPU
		{A2F056E4-4367-413B-B685-02F0FFF2895D}.Release|Any CPU.Build.0 = Release|Any CPU
		{C591BC27-F695-4FC0-940F-D5B6301EF154}.Debug|Any CPU.ActiveCfg = Debug|Any CPU
		{C591BC27-F695-4FC0-940F-D5B6301EF154}.Debug|Any CPU.Build.0 = Debug|Any CPU
		{C591BC27-F695-4FC0-940F-D5B6301EF154}.Release|Any CPU.ActiveCfg = Release|Any CPU
		{C591BC27-F695-4FC0-940F-D5B6301EF154}.Release|Any CPU.Build.0 = Release|Any CPU
		{6898D0BC-576E-4990-9696-500596D3040B}.Debug|Any CPU.ActiveCfg = Debug|Any CPU
		{6898D0BC-576E-4990-9696-500596D3040B}.Debug|Any CPU.Build.0 = Debug|Any CPU
		{6898D0BC-576E-4990-9696-500596D3040B}.Release|Any CPU.ActiveCfg = Release|Any CPU
		{6898D0BC-576E-4990-9696-500596D3040B}.Release|Any CPU.Build.0 = Release|Any CPU
		{60805C41-DAD0-41E4-A0F2-DD7086E80D1B}.Debug|Any CPU.ActiveCfg = Debug|Any CPU
		{60805C41-DAD0-41E4-A0F2-DD7086E80D1B}.Debug|Any CPU.Build.0 = Debug|Any CPU
		{60805C41-DAD0-41E4-A0F2-DD7086E80D1B}.Release|Any CPU.ActiveCfg = Release|Any CPU
		{60805C41-DAD0-41E4-A0F2-DD7086E80D1B}.Release|Any CPU.Build.0 = Release|Any CPU
		{BD418C90-0695-447F-BDFF-8C8C4497F78E}.Debug|Any CPU.ActiveCfg = Debug|Any CPU
		{BD418C90-0695-447F-BDFF-8C8C4497F78E}.Debug|Any CPU.Build.0 = Debug|Any CPU
		{BD418C90-0695-447F-BDFF-8C8C4497F78E}.Release|Any CPU.ActiveCfg = Release|Any CPU
		{BD418C90-0695-447F-BDFF-8C8C4497F78E}.Release|Any CPU.Build.0 = Release|Any CPU
	EndGlobalSection
	GlobalSection(SolutionProperties) = preSolution
		HideSolutionNode = FALSE
	EndGlobalSection
	GlobalSection(NestedProjects) = preSolution
		{C591BC27-F695-4FC0-940F-D5B6301EF154} = {9B985A1D-3A8D-499C-BADA-F34726B5289A}
		{6898D0BC-576E-4990-9696-500596D3040B} = {9B985A1D-3A8D-499C-BADA-F34726B5289A}
		{60805C41-DAD0-41E4-A0F2-DD7086E80D1B} = {9B985A1D-3A8D-499C-BADA-F34726B5289A}
		{BD418C90-0695-447F-BDFF-8C8C4497F78E} = {9B985A1D-3A8D-499C-BADA-F34726B5289A}
	EndGlobalSection
	GlobalSection(ExtensibilityGlobals) = postSolution
		SolutionGuid = {6E56CF71-DDFF-490B-A9D6-222617A384E8}
	EndGlobalSection
EndGlobal
